PODS:
  - MaterialPageControl (2.0.0)

DEPENDENCIES:
  - MaterialPageControl (from `../`)

EXTERNAL SOURCES:
  MaterialPageControl:
    :path: "../"

SPEC CHECKSUMS:
  MaterialPageControl: e2b4eae1f11070f527c06f73e650d6a4ab6c6ab0

PODFILE CHECKSUM: ddaeea2b5345d13f685f88c8247c153025332f10

COCOAPODS: 1.11.3
